
Microsoft Visual Studio Solution File, Format Version 12.00
# Visual Studio 15
VisualStudioVersion = 15.0.26124.0
MinimumVisualStudioVersion = 15.0.26124.0
Project("{FAE04EC0-301F-11D3-BF4B-00C04F79EFBC}") = "dbup-core", "dbup-core\dbup-core.csproj", "{8A3061AC-5EC0-493B-AF77-3226F1296D62}"
EndProject
Project("{FAE04EC0-301F-11D3-BF4B-00C04F79EFBC}") = "dbup-firebird", "dbup-firebird\dbup-firebird.csproj", "{02F68195-3757-474B-AC33-283B73AFBC0A}"
EndProject
Project("{FAE04EC0-301F-11D3-BF4B-00C04F79EFBC}") = "dbup-mysql", "dbup-mysql\dbup-mysql.csproj", "{86E59ED6-B6AB-428B-9B78-A6F9AABFDC30}"
EndProject
Project("{FAE04EC0-301F-11D3-BF4B-00C04F79EFBC}") = "dbup-postgresql", "dbup-postgresql\dbup-postgresql.csproj", "{0FB42CB3-E792-40AB-AEC7-E022EDFEDE97}"
EndProject
Project("{FAE04EC0-301F-11D3-BF4B-00C04F79EFBC}") = "dbup-sqlce", "dbup-sqlce\dbup-sqlce.csproj", "{696DAA62-4C2B-45E6-B1DE-3A262465A40D}"
EndProject
Project("{FAE04EC0-301F-11D3-BF4B-00C04F79EFBC}") = "dbup-sqlite", "dbup-sqlite\dbup-sqlite.csproj", "{198A1B08-85CB-4988-B6F2-A013D1917EAF}"
EndProject
Project("{FAE04EC0-301F-11D3-BF4B-00C04F79EFBC}") = "dbup-sqlite-mono", "dbup-sqlite-mono\dbup-sqlite-mono.csproj", "{55933EEB-5362-4558-9D70-2E5F21461720}"
EndProject
Project("{FAE04EC0-301F-11D3-BF4B-00C04F79EFBC}") = "dbup-sqlserver", "dbup-sqlserver\dbup-sqlserver.csproj", "{8BAB3737-951B-44D7-8CEC-31F1EE797B45}"
EndProject
Project("{FAE04EC0-301F-11D3-BF4B-00C04F79EFBC}") = "dbup-tests", "dbup-tests\dbup-tests.csproj", "{85FDB72D-8C76-479D-A948-74ADCC6BE7EB}"
EndProject
Global
	GlobalSection(SolutionConfigurationPlatforms) = preSolution
		Debug|Any CPU = Debug|Any CPU
		Debug|x64 = Debug|x64
		Debug|x86 = Debug|x86
		Release|Any CPU = Release|Any CPU
		Release|x64 = Release|x64
		Release|x86 = Release|x86
	EndGlobalSection
	GlobalSection(SolutionProperties) = preSolution
		HideSolutionNode = FALSE
	EndGlobalSection
	GlobalSection(ProjectConfigurationPlatforms) = postSolution
		{8A3061AC-5EC0-493B-AF77-3226F1296D62}.Debug|Any CPU.ActiveCfg = Debug|Any CPU
		{8A3061AC-5EC0-493B-AF77-3226F1296D62}.Debug|Any CPU.Build.0 = Debug|Any CPU
		{8A3061AC-5EC0-493B-AF77-3226F1296D62}.Debug|x64.ActiveCfg = Debug|x64
		{8A3061AC-5EC0-493B-AF77-3226F1296D62}.Debug|x64.Build.0 = Debug|x64
		{8A3061AC-5EC0-493B-AF77-3226F1296D62}.Debug|x86.ActiveCfg = Debug|x86
		{8A3061AC-5EC0-493B-AF77-3226F1296D62}.Debug|x86.Build.0 = Debug|x86
		{8A3061AC-5EC0-493B-AF77-3226F1296D62}.Release|Any CPU.ActiveCfg = Release|Any CPU
		{8A3061AC-5EC0-493B-AF77-3226F1296D62}.Release|Any CPU.Build.0 = Release|Any CPU
		{8A3061AC-5EC0-493B-AF77-3226F1296D62}.Release|x64.ActiveCfg = Release|x64
		{8A3061AC-5EC0-493B-AF77-3226F1296D62}.Release|x64.Build.0 = Release|x64
		{8A3061AC-5EC0-493B-AF77-3226F1296D62}.Release|x86.ActiveCfg = Release|x86
		{8A3061AC-5EC0-493B-AF77-3226F1296D62}.Release|x86.Build.0 = Release|x86
		{02F68195-3757-474B-AC33-283B73AFBC0A}.Debug|Any CPU.ActiveCfg = Debug|Any CPU
		{02F68195-3757-474B-AC33-283B73AFBC0A}.Debug|Any CPU.Build.0 = Debug|Any CPU
		{02F68195-3757-474B-AC33-283B73AFBC0A}.Debug|x64.ActiveCfg = Debug|x64
		{02F68195-3757-474B-AC33-283B73AFBC0A}.Debug|x64.Build.0 = Debug|x64
		{02F68195-3757-474B-AC33-283B73AFBC0A}.Debug|x86.ActiveCfg = Debug|x86
		{02F68195-3757-474B-AC33-283B73AFBC0A}.Debug|x86.Build.0 = Debug|x86
		{02F68195-3757-474B-AC33-283B73AFBC0A}.Release|Any CPU.ActiveCfg = Release|Any CPU
		{02F68195-3757-474B-AC33-283B73AFBC0A}.Release|Any CPU.Build.0 = Release|Any CPU
		{02F68195-3757-474B-AC33-283B73AFBC0A}.Release|x64.ActiveCfg = Release|x64
		{02F68195-3757-474B-AC33-283B73AFBC0A}.Release|x64.Build.0 = Release|x64
		{02F68195-3757-474B-AC33-283B73AFBC0A}.Release|x86.ActiveCfg = Release|x86
		{02F68195-3757-474B-AC33-283B73AFBC0A}.Release|x86.Build.0 = Release|x86
		{86E59ED6-B6AB-428B-9B78-A6F9AABFDC30}.Debug|Any CPU.ActiveCfg = Debug|Any CPU
		{86E59ED6-B6AB-428B-9B78-A6F9AABFDC30}.Debug|Any CPU.Build.0 = Debug|Any CPU
		{86E59ED6-B6AB-428B-9B78-A6F9AABFDC30}.Debug|x64.ActiveCfg = Debug|x64
		{86E59ED6-B6AB-428B-9B78-A6F9AABFDC30}.Debug|x64.Build.0 = Debug|x64
		{86E59ED6-B6AB-428B-9B78-A6F9AABFDC30}.Debug|x86.ActiveCfg = Debug|x86
		{86E59ED6-B6AB-428B-9B78-A6F9AABFDC30}.Debug|x86.Build.0 = Debug|x86
		{86E59ED6-B6AB-428B-9B78-A6F9AABFDC30}.Release|Any CPU.ActiveCfg = Release|Any CPU
		{86E59ED6-B6AB-428B-9B78-A6F9AABFDC30}.Release|Any CPU.Build.0 = Release|Any CPU
		{86E59ED6-B6AB-428B-9B78-A6F9AABFDC30}.Release|x64.ActiveCfg = Release|x64
		{86E59ED6-B6AB-428B-9B78-A6F9AABFDC30}.Release|x64.Build.0 = Release|x64
		{86E59ED6-B6AB-428B-9B78-A6F9AABFDC30}.Release|x86.ActiveCfg = Release|x86
		{86E59ED6-B6AB-428B-9B78-A6F9AABFDC30}.Release|x86.Build.0 = Release|x86
		{0FB42CB3-E792-40AB-AEC7-E022EDFEDE97}.Debug|Any CPU.ActiveCfg = Debug|Any CPU
		{0FB42CB3-E792-40AB-AEC7-E022EDFEDE97}.Debug|Any CPU.Build.0 = Debug|Any CPU
		{0FB42CB3-E792-40AB-AEC7-E022EDFEDE97}.Debug|x64.ActiveCfg = Debug|x64
		{0FB42CB3-E792-40AB-AEC7-E022EDFEDE97}.Debug|x64.Build.0 = Debug|x64
		{0FB42CB3-E792-40AB-AEC7-E022EDFEDE97}.Debug|x86.ActiveCfg = Debug|x86
		{0FB42CB3-E792-40AB-AEC7-E022EDFEDE97}.Debug|x86.Build.0 = Debug|x86
		{0FB42CB3-E792-40AB-AEC7-E022EDFEDE97}.Release|Any CPU.ActiveCfg = Release|Any CPU
		{0FB42CB3-E792-40AB-AEC7-E022EDFEDE97}.Release|Any CPU.Build.0 = Release|Any CPU
		{0FB42CB3-E792-40AB-AEC7-E022EDFEDE97}.Release|x64.ActiveCfg = Release|x64
		{0FB42CB3-E792-40AB-AEC7-E022EDFEDE97}.Release|x64.Build.0 = Release|x64
		{0FB42CB3-E792-40AB-AEC7-E022EDFEDE97}.Release|x86.ActiveCfg = Release|x86
		{0FB42CB3-E792-40AB-AEC7-E022EDFEDE97}.Release|x86.Build.0 = Release|x86
		{696DAA62-4C2B-45E6-B1DE-3A262465A40D}.Debug|Any CPU.ActiveCfg = Debug|Any CPU
		{696DAA62-4C2B-45E6-B1DE-3A262465A40D}.Debug|Any CPU.Build.0 = Debug|Any CPU
		{696DAA62-4C2B-45E6-B1DE-3A262465A40D}.Debug|x64.ActiveCfg = Debug|x64
		{696DAA62-4C2B-45E6-B1DE-3A262465A40D}.Debug|x64.Build.0 = Debug|x64
		{696DAA62-4C2B-45E6-B1DE-3A262465A40D}.Debug|x86.ActiveCfg = Debug|x86
		{696DAA62-4C2B-45E6-B1DE-3A262465A40D}.Debug|x86.Build.0 = Debug|x86
		{696DAA62-4C2B-45E6-B1DE-3A262465A40D}.Release|Any CPU.ActiveCfg = Release|Any CPU
		{696DAA62-4C2B-45E6-B1DE-3A262465A40D}.Release|Any CPU.Build.0 = Release|Any CPU
		{696DAA62-4C2B-45E6-B1DE-3A262465A40D}.Release|x64.ActiveCfg = Release|x64
		{696DAA62-4C2B-45E6-B1DE-3A262465A40D}.Release|x64.Build.0 = Release|x64
		{696DAA62-4C2B-45E6-B1DE-3A262465A40D}.Release|x86.ActiveCfg = Release|x86
		{696DAA62-4C2B-45E6-B1DE-3A262465A40D}.Release|x86.Build.0 = Release|x86
		{198A1B08-85CB-4988-B6F2-A013D1917EAF}.Debug|Any CPU.ActiveCfg = Debug|Any CPU
		{198A1B08-85CB-4988-B6F2-A013D1917EAF}.Debug|Any CPU.Build.0 = Debug|Any CPU
		{198A1B08-85CB-4988-B6F2-A013D1917EAF}.Debug|x64.ActiveCfg = Debug|x64
		{198A1B08-85CB-4988-B6F2-A013D1917EAF}.Debug|x64.Build.0 = Debug|x64
		{198A1B08-85CB-4988-B6F2-A013D1917EAF}.Debug|x86.ActiveCfg = Debug|x86
		{198A1B08-85CB-4988-B6F2-A013D1917EAF}.Debug|x86.Build.0 = Debug|x86
		{198A1B08-85CB-4988-B6F2-A013D1917EAF}.Release|Any CPU.ActiveCfg = Release|Any CPU
		{198A1B08-85CB-4988-B6F2-A013D1917EAF}.Release|Any CPU.Build.0 = Release|Any CPU
		{198A1B08-85CB-4988-B6F2-A013D1917EAF}.Release|x64.ActiveCfg = Release|x64
		{198A1B08-85CB-4988-B6F2-A013D1917EAF}.Release|x64.Build.0 = Release|x64
		{198A1B08-85CB-4988-B6F2-A013D1917EAF}.Release|x86.ActiveCfg = Release|x86
		{198A1B08-85CB-4988-B6F2-A013D1917EAF}.Release|x86.Build.0 = Release|x86
		{55933EEB-5362-4558-9D70-2E5F21461720}.Debug|Any CPU.ActiveCfg = Debug|Any CPU
		{55933EEB-5362-4558-9D70-2E5F21461720}.Debug|Any CPU.Build.0 = Debug|Any CPU
		{55933EEB-5362-4558-9D70-2E5F21461720}.Debug|x64.ActiveCfg = Debug|x64
		{55933EEB-5362-4558-9D70-2E5F21461720}.Debug|x64.Build.0 = Debug|x64
		{55933EEB-5362-4558-9D70-2E5F21461720}.Debug|x86.ActiveCfg = Debug|x86
		{55933EEB-5362-4558-9D70-2E5F21461720}.Debug|x86.Build.0 = Debug|x86
		{55933EEB-5362-4558-9D70-2E5F21461720}.Release|Any CPU.ActiveCfg = Release|Any CPU
		{55933EEB-5362-4558-9D70-2E5F21461720}.Release|Any CPU.Build.0 = Release|Any CPU
		{55933EEB-5362-4558-9D70-2E5F21461720}.Release|x64.ActiveCfg = Release|x64
		{55933EEB-5362-4558-9D70-2E5F21461720}.Release|x64.Build.0 = Release|x64
		{55933EEB-5362-4558-9D70-2E5F21461720}.Release|x86.ActiveCfg = Release|x86
		{55933EEB-5362-4558-9D70-2E5F21461720}.Release|x86.Build.0 = Release|x86
		{8BAB3737-951B-44D7-8CEC-31F1EE797B45}.Debug|Any CPU.ActiveCfg = Debug|Any CPU
		{8BAB3737-951B-44D7-8CEC-31F1EE797B45}.Debug|Any CPU.Build.0 = Debug|Any CPU
		{8BAB3737-951B-44D7-8CEC-31F1EE797B45}.Debug|x64.ActiveCfg = Debug|x64
		{8BAB3737-951B-44D7-8CEC-31F1EE797B45}.Debug|x64.Build.0 = Debug|x64
		{8BAB3737-951B-44D7-8CEC-31F1EE797B45}.Debug|x86.ActiveCfg = Debug|x86
		{8BAB3737-951B-44D7-8CEC-31F1EE797B45}.Debug|x86.Build.0 = Debug|x86
		{8BAB3737-951B-44D7-8CEC-31F1EE797B45}.Release|Any CPU.ActiveCfg = Release|Any CPU
		{8BAB3737-951B-44D7-8CEC-31F1EE797B45}.Release|Any CPU.Build.0 = Release|Any CPU
		{8BAB3737-951B-44D7-8CEC-31F1EE797B45}.Release|x64.ActiveCfg = Release|x64
		{8BAB3737-951B-44D7-8CEC-31F1EE797B45}.Release|x64.Build.0 = Release|x64
		{8BAB3737-951B-44D7-8CEC-31F1EE797B45}.Release|x86.ActiveCfg = Release|x86
		{8BAB3737-951B-44D7-8CEC-31F1EE797B45}.Release|x86.Build.0 = Release|x86
		{85FDB72D-8C76-479D-A948-74ADCC6BE7EB}.Debug|Any CPU.ActiveCfg = Debug|Any CPU
		{85FDB72D-8C76-479D-A948-74ADCC6BE7EB}.Debug|Any CPU.Build.0 = Debug|Any CPU
		{85FDB72D-8C76-479D-A948-74ADCC6BE7EB}.Debug|x64.ActiveCfg = Debug|x64
		{85FDB72D-8C76-479D-A948-74ADCC6BE7EB}.Debug|x64.Build.0 = Debug|x64
		{85FDB72D-8C76-479D-A948-74ADCC6BE7EB}.Debug|x86.ActiveCfg = Debug|x86
		{85FDB72D-8C76-479D-A948-74ADCC6BE7EB}.Debug|x86.Build.0 = Debug|x86
		{85FDB72D-8C76-479D-A948-74ADCC6BE7EB}.Release|Any CPU.ActiveCfg = Release|Any CPU
		{85FDB72D-8C76-479D-A948-74ADCC6BE7EB}.Release|Any CPU.Build.0 = Release|Any CPU
		{85FDB72D-8C76-479D-A948-74ADCC6BE7EB}.Release|x64.ActiveCfg = Release|x64
		{85FDB72D-8C76-479D-A948-74ADCC6BE7EB}.Release|x64.Build.0 = Release|x64
		{85FDB72D-8C76-479D-A948-74ADCC6BE7EB}.Release|x86.ActiveCfg = Release|x86
		{85FDB72D-8C76-479D-A948-74ADCC6BE7EB}.Release|x86.Build.0 = Release|x86
	EndGlobalSection
EndGlobal
