
Microsoft Visual Studio Solution File, Format Version 12.00
# Visual Studio 15
VisualStudioVersion = 15.0.26124.0
MinimumVisualStudioVersion = 15.0.26124.0
Project("{FAE04EC0-301F-11D3-BF4B-00C04F79EFBC}") = "dbup-core", "dbup-core\dbup-core.csproj", "{9FCD2693-0CAD-443C-8075-5D16408CD63F}"
EndProject
Project("{FAE04EC0-301F-11D3-BF4B-00C04F79EFBC}") = "dbup-firebird", "dbup-firebird\dbup-firebird.csproj", "{F413513A-F179-497F-93EE-C1E2756AD3D7}"
EndProject
Project("{FAE04EC0-301F-11D3-BF4B-00C04F79EFBC}") = "dbup-mysql", "dbup-mysql\dbup-mysql.csproj", "{0239B4E4-B05D-4AA3-A5CD-AC95FFCB52FB}"
EndProject
Project("{FAE04EC0-301F-11D3-BF4B-00C04F79EFBC}") = "dbup-postgresql", "dbup-postgresql\dbup-postgresql.csproj", "{42D5A9E2-8895-4E78-AE90-EB3802339AC1}"
EndProject
Project("{FAE04EC0-301F-11D3-BF4B-00C04F79EFBC}") = "dbup-sqlce", "dbup-sqlce\dbup-sqlce.csproj", "{EDB3A474-CAC8-4DBF-930F-87EBD5709FB9}"
EndProject
Project("{FAE04EC0-301F-11D3-BF4B-00C04F79EFBC}") = "dbup-sqlite", "dbup-sqlite\dbup-sqlite.csproj", "{A6487CBD-55D0-46BA-86F6-E14F229F9C03}"
EndProject
Project("{FAE04EC0-301F-11D3-BF4B-00C04F79EFBC}") = "dbup-sqlite-mono", "dbup-sqlite-mono\dbup-sqlite-mono.csproj", "{48783B85-9D78-435A-9C8F-CD33776F65B4}"
EndProject
Project("{FAE04EC0-301F-11D3-BF4B-00C04F79EFBC}") = "dbup-sqlserver", "dbup-sqlserver\dbup-sqlserver.csproj", "{703F6D86-3024-4684-A8B3-B0ABA1333C01}"
EndProject
Project("{FAE04EC0-301F-11D3-BF4B-00C04F79EFBC}") = "dbup-tests", "dbup-tests\dbup-tests.csproj", "{812BACF3-2093-404A-A370-351ECF9930D7}"
EndProject
Global
	GlobalSection(SolutionConfigurationPlatforms) = preSolution
		Debug|Any CPU = Debug|Any CPU
		Debug|x64 = Debug|x64
		Debug|x86 = Debug|x86
		Release|Any CPU = Release|Any CPU
		Release|x64 = Release|x64
		Release|x86 = Release|x86
	EndGlobalSection
	GlobalSection(SolutionProperties) = preSolution
		HideSolutionNode = FALSE
	EndGlobalSection
	GlobalSection(ProjectConfigurationPlatforms) = postSolution
		{9FCD2693-0CAD-443C-8075-5D16408CD63F}.Debug|Any CPU.ActiveCfg = Debug|Any CPU
		{9FCD2693-0CAD-443C-8075-5D16408CD63F}.Debug|Any CPU.Build.0 = Debug|Any CPU
		{9FCD2693-0CAD-443C-8075-5D16408CD63F}.Debug|x64.ActiveCfg = Debug|x64
		{9FCD2693-0CAD-443C-8075-5D16408CD63F}.Debug|x64.Build.0 = Debug|x64
		{9FCD2693-0CAD-443C-8075-5D16408CD63F}.Debug|x86.ActiveCfg = Debug|x86
		{9FCD2693-0CAD-443C-8075-5D16408CD63F}.Debug|x86.Build.0 = Debug|x86
		{9FCD2693-0CAD-443C-8075-5D16408CD63F}.Release|Any CPU.ActiveCfg = Release|Any CPU
		{9FCD2693-0CAD-443C-8075-5D16408CD63F}.Release|Any CPU.Build.0 = Release|Any CPU
		{9FCD2693-0CAD-443C-8075-5D16408CD63F}.Release|x64.ActiveCfg = Release|x64
		{9FCD2693-0CAD-443C-8075-5D16408CD63F}.Release|x64.Build.0 = Release|x64
		{9FCD2693-0CAD-443C-8075-5D16408CD63F}.Release|x86.ActiveCfg = Release|x86
		{9FCD2693-0CAD-443C-8075-5D16408CD63F}.Release|x86.Build.0 = Release|x86
		{F413513A-F179-497F-93EE-C1E2756AD3D7}.Debug|Any CPU.ActiveCfg = Debug|Any CPU
		{F413513A-F179-497F-93EE-C1E2756AD3D7}.Debug|Any CPU.Build.0 = Debug|Any CPU
		{F413513A-F179-497F-93EE-C1E2756AD3D7}.Debug|x64.ActiveCfg = Debug|x64
		{F413513A-F179-497F-93EE-C1E2756AD3D7}.Debug|x64.Build.0 = Debug|x64
		{F413513A-F179-497F-93EE-C1E2756AD3D7}.Debug|x86.ActiveCfg = Debug|x86
		{F413513A-F179-497F-93EE-C1E2756AD3D7}.Debug|x86.Build.0 = Debug|x86
		{F413513A-F179-497F-93EE-C1E2756AD3D7}.Release|Any CPU.ActiveCfg = Release|Any CPU
		{F413513A-F179-497F-93EE-C1E2756AD3D7}.Release|Any CPU.Build.0 = Release|Any CPU
		{F413513A-F179-497F-93EE-C1E2756AD3D7}.Release|x64.ActiveCfg = Release|x64
		{F413513A-F179-497F-93EE-C1E2756AD3D7}.Release|x64.Build.0 = Release|x64
		{F413513A-F179-497F-93EE-C1E2756AD3D7}.Release|x86.ActiveCfg = Release|x86
		{F413513A-F179-497F-93EE-C1E2756AD3D7}.Release|x86.Build.0 = Release|x86
		{0239B4E4-B05D-4AA3-A5CD-AC95FFCB52FB}.Debug|Any CPU.ActiveCfg = Debug|Any CPU
		{0239B4E4-B05D-4AA3-A5CD-AC95FFCB52FB}.Debug|Any CPU.Build.0 = Debug|Any CPU
		{0239B4E4-B05D-4AA3-A5CD-AC95FFCB52FB}.Debug|x64.ActiveCfg = Debug|x64
		{0239B4E4-B05D-4AA3-A5CD-AC95FFCB52FB}.Debug|x64.Build.0 = Debug|x64
		{0239B4E4-B05D-4AA3-A5CD-AC95FFCB52FB}.Debug|x86.ActiveCfg = Debug|x86
		{0239B4E4-B05D-4AA3-A5CD-AC95FFCB52FB}.Debug|x86.Build.0 = Debug|x86
		{0239B4E4-B05D-4AA3-A5CD-AC95FFCB52FB}.Release|Any CPU.ActiveCfg = Release|Any CPU
		{0239B4E4-B05D-4AA3-A5CD-AC95FFCB52FB}.Release|Any CPU.Build.0 = Release|Any CPU
		{0239B4E4-B05D-4AA3-A5CD-AC95FFCB52FB}.Release|x64.ActiveCfg = Release|x64
		{0239B4E4-B05D-4AA3-A5CD-AC95FFCB52FB}.Release|x64.Build.0 = Release|x64
		{0239B4E4-B05D-4AA3-A5CD-AC95FFCB52FB}.Release|x86.ActiveCfg = Release|x86
		{0239B4E4-B05D-4AA3-A5CD-AC95FFCB52FB}.Release|x86.Build.0 = Release|x86
		{42D5A9E2-8895-4E78-AE90-EB3802339AC1}.Debug|Any CPU.ActiveCfg = Debug|Any CPU
		{42D5A9E2-8895-4E78-AE90-EB3802339AC1}.Debug|Any CPU.Build.0 = Debug|Any CPU
		{42D5A9E2-8895-4E78-AE90-EB3802339AC1}.Debug|x64.ActiveCfg = Debug|x64
		{42D5A9E2-8895-4E78-AE90-EB3802339AC1}.Debug|x64.Build.0 = Debug|x64
		{42D5A9E2-8895-4E78-AE90-EB3802339AC1}.Debug|x86.ActiveCfg = Debug|x86
		{42D5A9E2-8895-4E78-AE90-EB3802339AC1}.Debug|x86.Build.0 = Debug|x86
		{42D5A9E2-8895-4E78-AE90-EB3802339AC1}.Release|Any CPU.ActiveCfg = Release|Any CPU
		{42D5A9E2-8895-4E78-AE90-EB3802339AC1}.Release|Any CPU.Build.0 = Release|Any CPU
		{42D5A9E2-8895-4E78-AE90-EB3802339AC1}.Release|x64.ActiveCfg = Release|x64
		{42D5A9E2-8895-4E78-AE90-EB3802339AC1}.Release|x64.Build.0 = Release|x64
		{42D5A9E2-8895-4E78-AE90-EB3802339AC1}.Release|x86.ActiveCfg = Release|x86
		{42D5A9E2-8895-4E78-AE90-EB3802339AC1}.Release|x86.Build.0 = Release|x86
		{EDB3A474-CAC8-4DBF-930F-87EBD5709FB9}.Debug|Any CPU.ActiveCfg = Debug|Any CPU
		{EDB3A474-CAC8-4DBF-930F-87EBD5709FB9}.Debug|Any CPU.Build.0 = Debug|Any CPU
		{EDB3A474-CAC8-4DBF-930F-87EBD5709FB9}.Debug|x64.ActiveCfg = Debug|x64
		{EDB3A474-CAC8-4DBF-930F-87EBD5709FB9}.Debug|x64.Build.0 = Debug|x64
		{EDB3A474-CAC8-4DBF-930F-87EBD5709FB9}.Debug|x86.ActiveCfg = Debug|x86
		{EDB3A474-CAC8-4DBF-930F-87EBD5709FB9}.Debug|x86.Build.0 = Debug|x86
		{EDB3A474-CAC8-4DBF-930F-87EBD5709FB9}.Release|Any CPU.ActiveCfg = Release|Any CPU
		{EDB3A474-CAC8-4DBF-930F-87EBD5709FB9}.Release|Any CPU.Build.0 = Release|Any CPU
		{EDB3A474-CAC8-4DBF-930F-87EBD5709FB9}.Release|x64.ActiveCfg = Release|x64
		{EDB3A474-CAC8-4DBF-930F-87EBD5709FB9}.Release|x64.Build.0 = Release|x64
		{EDB3A474-CAC8-4DBF-930F-87EBD5709FB9}.Release|x86.ActiveCfg = Release|x86
		{EDB3A474-CAC8-4DBF-930F-87EBD5709FB9}.Release|x86.Build.0 = Release|x86
		{A6487CBD-55D0-46BA-86F6-E14F229F9C03}.Debug|Any CPU.ActiveCfg = Debug|Any CPU
		{A6487CBD-55D0-46BA-86F6-E14F229F9C03}.Debug|Any CPU.Build.0 = Debug|Any CPU
		{A6487CBD-55D0-46BA-86F6-E14F229F9C03}.Debug|x64.ActiveCfg = Debug|x64
		{A6487CBD-55D0-46BA-86F6-E14F229F9C03}.Debug|x64.Build.0 = Debug|x64
		{A6487CBD-55D0-46BA-86F6-E14F229F9C03}.Debug|x86.ActiveCfg = Debug|x86
		{A6487CBD-55D0-46BA-86F6-E14F229F9C03}.Debug|x86.Build.0 = Debug|x86
		{A6487CBD-55D0-46BA-86F6-E14F229F9C03}.Release|Any CPU.ActiveCfg = Release|Any CPU
		{A6487CBD-55D0-46BA-86F6-E14F229F9C03}.Release|Any CPU.Build.0 = Release|Any CPU
		{A6487CBD-55D0-46BA-86F6-E14F229F9C03}.Release|x64.ActiveCfg = Release|x64
		{A6487CBD-55D0-46BA-86F6-E14F229F9C03}.Release|x64.Build.0 = Release|x64
		{A6487CBD-55D0-46BA-86F6-E14F229F9C03}.Release|x86.ActiveCfg = Release|x86
		{A6487CBD-55D0-46BA-86F6-E14F229F9C03}.Release|x86.Build.0 = Release|x86
		{48783B85-9D78-435A-9C8F-CD33776F65B4}.Debug|Any CPU.ActiveCfg = Debug|Any CPU
		{48783B85-9D78-435A-9C8F-CD33776F65B4}.Debug|Any CPU.Build.0 = Debug|Any CPU
		{48783B85-9D78-435A-9C8F-CD33776F65B4}.Debug|x64.ActiveCfg = Debug|x64
		{48783B85-9D78-435A-9C8F-CD33776F65B4}.Debug|x64.Build.0 = Debug|x64
		{48783B85-9D78-435A-9C8F-CD33776F65B4}.Debug|x86.ActiveCfg = Debug|x86
		{48783B85-9D78-435A-9C8F-CD33776F65B4}.Debug|x86.Build.0 = Debug|x86
		{48783B85-9D78-435A-9C8F-CD33776F65B4}.Release|Any CPU.ActiveCfg = Release|Any CPU
		{48783B85-9D78-435A-9C8F-CD33776F65B4}.Release|Any CPU.Build.0 = Release|Any CPU
		{48783B85-9D78-435A-9C8F-CD33776F65B4}.Release|x64.ActiveCfg = Release|x64
		{48783B85-9D78-435A-9C8F-CD33776F65B4}.Release|x64.Build.0 = Release|x64
		{48783B85-9D78-435A-9C8F-CD33776F65B4}.Release|x86.ActiveCfg = Release|x86
		{48783B85-9D78-435A-9C8F-CD33776F65B4}.Release|x86.Build.0 = Release|x86
		{703F6D86-3024-4684-A8B3-B0ABA1333C01}.Debug|Any CPU.ActiveCfg = Debug|Any CPU
		{703F6D86-3024-4684-A8B3-B0ABA1333C01}.Debug|Any CPU.Build.0 = Debug|Any CPU
		{703F6D86-3024-4684-A8B3-B0ABA1333C01}.Debug|x64.ActiveCfg = Debug|x64
		{703F6D86-3024-4684-A8B3-B0ABA1333C01}.Debug|x64.Build.0 = Debug|x64
		{703F6D86-3024-4684-A8B3-B0ABA1333C01}.Debug|x86.ActiveCfg = Debug|x86
		{703F6D86-3024-4684-A8B3-B0ABA1333C01}.Debug|x86.Build.0 = Debug|x86
		{703F6D86-3024-4684-A8B3-B0ABA1333C01}.Release|Any CPU.ActiveCfg = Release|Any CPU
		{703F6D86-3024-4684-A8B3-B0ABA1333C01}.Release|Any CPU.Build.0 = Release|Any CPU
		{703F6D86-3024-4684-A8B3-B0ABA1333C01}.Release|x64.ActiveCfg = Release|x64
		{703F6D86-3024-4684-A8B3-B0ABA1333C01}.Release|x64.Build.0 = Release|x64
		{703F6D86-3024-4684-A8B3-B0ABA1333C01}.Release|x86.ActiveCfg = Release|x86
		{703F6D86-3024-4684-A8B3-B0ABA1333C01}.Release|x86.Build.0 = Release|x86
		{812BACF3-2093-404A-A370-351ECF9930D7}.Debug|Any CPU.ActiveCfg = Debug|Any CPU
		{812BACF3-2093-404A-A370-351ECF9930D7}.Debug|Any CPU.Build.0 = Debug|Any CPU
		{812BACF3-2093-404A-A370-351ECF9930D7}.Debug|x64.ActiveCfg = Debug|x64
		{812BACF3-2093-404A-A370-351ECF9930D7}.Debug|x64.Build.0 = Debug|x64
		{812BACF3-2093-404A-A370-351ECF9930D7}.Debug|x86.ActiveCfg = Debug|x86
		{812BACF3-2093-404A-A370-351ECF9930D7}.Debug|x86.Build.0 = Debug|x86
		{812BACF3-2093-404A-A370-351ECF9930D7}.Release|Any CPU.ActiveCfg = Release|Any CPU
		{812BACF3-2093-404A-A370-351ECF9930D7}.Release|Any CPU.Build.0 = Release|Any CPU
		{812BACF3-2093-404A-A370-351ECF9930D7}.Release|x64.ActiveCfg = Release|x64
		{812BACF3-2093-404A-A370-351ECF9930D7}.Release|x64.Build.0 = Release|x64
		{812BACF3-2093-404A-A370-351ECF9930D7}.Release|x86.ActiveCfg = Release|x86
		{812BACF3-2093-404A-A370-351ECF9930D7}.Release|x86.Build.0 = Release|x86
	EndGlobalSection
EndGlobal
